
Microsoft Visual Studio Solution File, Format Version 12.00
# Visual Studio Version 17
VisualStudioVersion = 17.5.002.0
MinimumVisualStudioVersion = 10.0.40219.1
Project("{9A19103F-16F7-4668-BE54-9A1E7A4F7556}") = "Code62010", "Code62010.csproj", "{DEC45A45-AB55-470F-8364-A67AD6C0104B}"
EndProject
Global
	GlobalSection(SolutionConfigurationPlatforms) = preSolution
		Debug|Any CPU = Debug|Any CPU
		Release|Any CPU = Release|Any CPU
	EndGlobalSection
	GlobalSection(ProjectConfigurationPlatforms) = postSolution
		{DEC45A45-AB55-470F-8364-A67AD6C0104B}.Debug|Any CPU.ActiveCfg = Debug|Any CPU
		{DEC45A45-AB55-470F-8364-A67AD6C0104B}.Debug|Any CPU.Build.0 = Debug|Any CPU
		{DEC45A45-AB55-470F-8364-A67AD6C0104B}.Release|Any CPU.ActiveCfg = Release|Any CPU
		{DEC45A45-AB55-470F-8364-A67AD6C0104B}.Release|Any CPU.Build.0 = Release|Any CPU
	EndGlobalSection
	GlobalSection(SolutionProperties) = preSolution
		HideSolutionNode = FALSE
	EndGlobalSection
	GlobalSection(ExtensibilityGlobals) = postSolution
		SolutionGuid = {6F4C6B60-998F-497E-9623-FE6521FCBA06}
	EndGlobalSection
EndGlobal
